%{
  "adbc": {:hex, :adbc, "0.12.1", "64f04b2d4787f30b2ce1b9c5ff2f7ee393e611fbb8a8829fab402b767c133fa5", [:make, :mix], [{:cc_precompiler, "~> 0.1.8 or ~> 0.2", [hex: :cc_precompiler, repo: "hexpm", optional: false]}, {:decimal, "~> 2.1 or ~> 3.0", [hex: :decimal, repo: "hexpm", optional: false]}, {:elixir_make, "~> 0.9", [hex: :elixir_make, repo: "hexpm", optional: false]}, {:fine, "~> 0.1.0", [hex: :fine, repo: "hexpm", optional: false]}, {:pythonx, "~> 0.4.0", [hex: :pythonx, repo: "hexpm", optional: true]}, {:table, "~> 0.1.2", [hex: :table, repo: "hexpm", optional: false]}], "hexpm", "99a4f46e8af1c9dfc94c804c9f1d9e6c1923845a90af089765ea278d876da904"},
  "aws_credentials": {:hex, :aws_credentials, "0.3.2", "ba2ccee4ec6dcb5426cf71830b7afd73795b1f19655f401d4401015b468fec6f", [:rebar3], [{:eini, "~> 2.2.4", [hex: :eini_beam, repo: "hexpm", optional: false]}, {:iso8601, "~> 1.3.4", [hex: :iso8601, repo: "hexpm", optional: false]}, {:jsx, "~> 3.1.0", [hex: :jsx, repo: "hexpm", optional: false]}], "hexpm", "2e748626a935a7a544647fb79d7054f38db8bf378978542c962ccbeab387387b"},
  "aws_signature": {:hex, :aws_signature, "0.4.2", "1b35482c89ff5b91f5ead647a2bbc0d9620877479b44800915de92bacf9f1476", [:rebar3], [], "hexpm", "1df4a2d1dff200c7bdfa8f9f935efc71a51273adfc6dd39a9f2cc937e01baa01"},
  "bandit": {:hex, :bandit, "1.11.1", "1eb33123cc3c17ae0c3447874eb83399ee530f960c39711ed240342fbd4865fa", [:mix], [{:hpax, "~> 1.0", [hex: :hpax, repo: "hexpm", optional: false]}, {:plug, "~> 1.18", [hex: :plug, repo: "hexpm", optional: false]}, {:telemetry, "~> 0.4 or ~> 1.0", [hex: :telemetry, repo: "hexpm", optional: false]}, {:thousand_island, "~> 1.0", [hex: :thousand_island, repo: "hexpm", optional: false]}, {:websock, "~> 0.5", [hex: :websock, repo: "hexpm", optional: false]}], "hexpm", "d4401016df9abbc6dcd325c0b78b2b193e7c7c96bb68f31e576112be025d84a5"},
  "benchee": {:hex, :benchee, "1.5.1", "b95cbc36c4b98969a5c592a246e171041eb683c56bad1cb4f49a3b081ba66087", [:mix], [{:deep_merge, "~> 1.0", [hex: :deep_merge, repo: "hexpm", optional: false]}, {:statistex, "~> 1.1", [hex: :statistex, repo: "hexpm", optional: false]}, {:table, "~> 0.1.0", [hex: :table, repo: "hexpm", optional: true]}], "hexpm", "a539301f8dfd4efc5c5123bfb9d47ebde20092a863a5b5b16c2a60d2243dfce7"},
  "benchee_html": {:hex, :benchee_html, "1.0.1", "1e247c0886c3fdb0d3f4b184b653a8d6fb96e4ad0d0389267fe4f36968772e24", [:mix], [{:benchee, ">= 0.99.0 and < 2.0.0", [hex: :benchee, repo: "hexpm", optional: false]}, {:benchee_json, "~> 1.0", [hex: :benchee_json, repo: "hexpm", optional: false]}], "hexpm", "b00a181af7152431901e08f3fc9f7197ed43ff50421a8347b0c80bf45d5b3fef"},
  "benchee_json": {:hex, :benchee_json, "1.0.0", "cc661f4454d5995c08fe10dd1f2f72f229c8f0fb1c96f6b327a8c8fc96a91fe5", [:mix], [{:benchee, ">= 0.99.0 and < 2.0.0", [hex: :benchee, repo: "hexpm", optional: false]}, {:jason, "~> 1.0", [hex: :jason, repo: "hexpm", optional: false]}], "hexpm", "da05d813f9123505f870344d68fb7c86a4f0f9074df7d7b7e2bb011a63ec231c"},
  "broadway": {:hex, :broadway, "1.3.0", "f75f6376159b74f55c5ba2629dac613e4fd79d9e71148ab5fbac8fdd7c999d2a", [:mix], [{:gen_stage, "~> 1.0", [hex: :gen_stage, repo: "hexpm", optional: false]}, {:nimble_options, "~> 0.3.7 or ~> 0.4 or ~> 1.0", [hex: :nimble_options, repo: "hexpm", optional: false]}, {:telemetry, "~> 0.4.3 or ~> 1.0", [hex: :telemetry, repo: "hexpm", optional: false]}], "hexpm", "bef3b4c5512d0072917b70239cbecf8f76a2587465a5b7c3e2b9ae18b4bc405b"},
  "bun": {:hex, :bun, "1.6.0", "ab49eb8b956f7492e8d6c5a43c0b96e94074aa0ace698a4be7e9b3b3b281d1b3", [:mix], [{:nimble_pool, "~> 1.0", [hex: :nimble_pool, repo: "hexpm", optional: false]}], "hexpm", "6f17b0544b452077da87d14192042744826dabb089d968b8caf8b298968e7a17"},
  "bunt": {:hex, :bunt, "1.0.0", "081c2c665f086849e6d57900292b3a161727ab40431219529f13c4ddcf3e7a44", [:mix], [], "hexpm", "dc5f86aa08a5f6fa6b8096f0735c4e76d54ae5c9fa2c143e5a1fc7c1cd9bb6b5"},
  "castore": {:hex, :castore, "1.0.18", "5e43ef0ec7d31195dfa5a65a86e6131db999d074179d2ba5a8de11fe14570f55", [:mix], [], "hexpm", "f393e4fe6317829b158fb74d86eb681f737d2fe326aa61ccf6293c4104957e34"},
  "cc_precompiler": {:hex, :cc_precompiler, "0.1.11", "8c844d0b9fb98a3edea067f94f616b3f6b29b959b6b3bf25fee94ffe34364768", [:mix], [{:elixir_make, "~> 0.7", [hex: :elixir_make, repo: "hexpm", optional: false]}], "hexpm", "3427232caf0835f94680e5bcf082408a70b48ad68a5f5c0b02a3bea9f3a075b9"},
  "complex": {:hex, :complex, "0.7.0", "695632ef9487517aa5d57edd1697801079d622414cb2e1a7cf538b1f9a50f205", [:mix], [], "hexpm", "0ee39c0803129f546e7f3f640da8f021c9e659402bf59da6f7f2c4848f068f8d"},
  "credo": {:hex, :credo, "1.7.19", "cc52129665fc7c15143d47838fda0f9cd6dac9ceced7bf4da6f85fcbfe64b12a", [:mix], [{:bunt, "~> 0.2.1 or ~> 1.0", [hex: :bunt, repo: "hexpm", optional: false]}, {:file_system, "~> 0.2 or ~> 1.0", [hex: :file_system, repo: "hexpm", optional: false]}, {:jason, "~> 1.0", [hex: :jason, repo: "hexpm", optional: false]}], "hexpm", "2d8bc95d5a7bb99dd2613621d4f08c6a3575c3fd4b62e6a2b48a100352a557b8"},
  "decimal": {:hex, :decimal, "2.4.1", "6c0fbede12fb122ba685e9ab41c6a40c129e322b3aa192f9e072e61f3a6ffaf2", [:mix], [], "hexpm", "7e618897933a8455f19a727d7c5e50a2c071a544b700e5e724298ecb4340187f"},
  "deep_merge": {:hex, :deep_merge, "1.0.2", "476aa7ea61c54de96220051b998d893869069094da65b96101aebf79416f8a1e", [:mix], [], "hexpm", "737a53cdc9758fedbb608bdc213969e65729466c4ef3cd8e8726d0335dff116c"},
  "dialyxir": {:hex, :dialyxir, "1.4.7", "dda948fcee52962e4b6c5b4b16b2d8fa7d50d8645bbae8b8685c3f9ecb7f5f4d", [:mix], [{:erlex, ">= 0.2.8", [hex: :erlex, repo: "hexpm", optional: false]}], "hexpm", "b34527202e6eb8cee198efec110996c25c5898f43a4094df157f8d28f27d9efe"},
  "dns_cluster": {:hex, :dns_cluster, "0.1.3", "0bc20a2c88ed6cc494f2964075c359f8c2d00e1bf25518a6a6c7fd277c9b0c66", [:mix], [], "hexpm", "46cb7c4a1b3e52c7ad4cbe33ca5079fbde4840dedeafca2baf77996c2da1bc33"},
  "earmark_parser": {:hex, :earmark_parser, "1.4.44", "f20830dd6b5c77afe2b063777ddbbff09f9759396500cdbe7523efd58d7a339c", [:mix], [], "hexpm", "4778ac752b4701a5599215f7030989c989ffdc4f6df457c5f36938cc2d2a2750"},
  "ecto": {:hex, :ecto, "3.13.6", "352135b474f91d1ab99a1b502171d207e9db60421c9e3d0ecab4c7ab96b24d14", [:mix], [{:decimal, "~> 2.0 or ~> 3.0", [hex: :decimal, repo: "hexpm", optional: false]}, {:jason, "~> 1.0", [hex: :jason, repo: "hexpm", optional: true]}, {:telemetry, "~> 0.4 or ~> 1.0", [hex: :telemetry, repo: "hexpm", optional: false]}], "hexpm", "8afa059bc16cd2c94739ec0a11e3e5df69d828125119109bef35f20a21a76af2"},
  "eini": {:hex, :eini_beam, "2.2.5", "28fa0a4eb7ff885cc388877b73fbd56fcca3b2eae4d81e47c47f317b900da1da", [:rebar3], [], "hexpm", "511e9207649f3becb5d945f1813615987899cf78fa130f92be07193a6a74ecb8"},
  "elixir_make": {:hex, :elixir_make, "0.10.0", "16577e2583a79bb79237bbff349619ef5d80afffc07eac6e4faf0d00e2ddaf7d", [:mix], [], "hexpm", "dc1f09fb7fa68866b886abd5f0f3c83553b1a19a52359a899e92af1bb3b31982"},
  "erlex": {:hex, :erlex, "0.2.9", "7debbbaa9f4f368b8cd648983e0f1d7963028508e9c59e9d4ed504e94ef52a55", [:mix], [], "hexpm", "8cfffc0ec7159e6d73de2ab28a588064de80f88b2798d5cbe4482cbbc200178b"},
  "ex_doc": {:hex, :ex_doc, "0.40.3", "4a972ffe64bc07dc605af487e98fc19b72a4185f55ca031b94c0552d6071c1d9", [:mix], [{:earmark_parser, "~> 1.4.44", [hex: :earmark_parser, repo: "hexpm", optional: false]}, {:makeup_c, ">= 0.1.0", [hex: :makeup_c, repo: "hexpm", optional: true]}, {:makeup_elixir, "~> 0.14 or ~> 1.0", [hex: :makeup_elixir, repo: "hexpm", optional: false]}, {:makeup_erlang, "~> 0.1 or ~> 1.0", [hex: :makeup_erlang, repo: "hexpm", optional: false]}, {:makeup_html, ">= 0.1.0", [hex: :makeup_html, repo: "hexpm", optional: true]}], "hexpm", "2756e357742fecd9749b489b85d67c9ce99c465f2e75728d9e6dc8d704b973de"},
  "excoveralls": {:hex, :excoveralls, "0.18.5", "e229d0a65982613332ec30f07940038fe451a2e5b29bce2a5022165f0c9b157e", [:mix], [{:castore, "~> 1.0", [hex: :castore, repo: "hexpm", optional: true]}, {:jason, "~> 1.0", [hex: :jason, repo: "hexpm", optional: false]}], "hexpm", "523fe8a15603f86d64852aab2abe8ddbd78e68579c8525ae765facc5eae01562"},
  "explorer": {:hex, :explorer, "0.11.1", "f8fe87cdf37c4cca8fe7120fb5806f8327497f61290c18f9d4f33cef6b2fc5a0", [:mix], [{:adbc, "~> 0.1", [hex: :adbc, repo: "hexpm", optional: true]}, {:aws_signature, "~> 0.3", [hex: :aws_signature, repo: "hexpm", optional: false]}, {:decimal, "~> 2.1", [hex: :decimal, repo: "hexpm", optional: false]}, {:flame, "~> 0.3", [hex: :flame, repo: "hexpm", optional: true]}, {:fss, "~> 0.1", [hex: :fss, repo: "hexpm", optional: false]}, {:nx, "~> 0.4", [hex: :nx, repo: "hexpm", optional: true]}, {:rustler, "~> 0.36.0", [hex: :rustler, repo: "hexpm", optional: true]}, {:rustler_precompiled, "~> 0.7", [hex: :rustler_precompiled, repo: "hexpm", optional: false]}, {:table, "~> 0.1.2", [hex: :table, repo: "hexpm", optional: false]}, {:table_rex, "~> 4.1", [hex: :table_rex, repo: "hexpm", optional: false]}], "hexpm", "acc679ea15790d03d9a406bb45284bd4e30531d01a650d9194393cbadcdefccd"},
  "file_system": {:hex, :file_system, "1.1.1", "31864f4685b0148f25bd3fbef2b1228457c0c89024ad67f7a81a3ffbc0bbad3a", [:mix], [], "hexpm", "7a15ff97dfe526aeefb090a7a9d3d03aa907e100e262a0f8f7746b78f8f87a5d"},
  "finch": {:hex, :finch, "0.22.0", "5c48fa6f9706a78eb9036cacb67b8b996b4e66d111c543f4c29bb0f879a6806b", [:mix], [{:mime, "~> 1.0 or ~> 2.0", [hex: :mime, repo: "hexpm", optional: false]}, {:mint, "~> 1.8", [hex: :mint, repo: "hexpm", optional: false]}, {:nimble_options, "~> 0.4 or ~> 1.0", [hex: :nimble_options, repo: "hexpm", optional: false]}, {:nimble_pool, "~> 1.1", [hex: :nimble_pool, repo: "hexpm", optional: false]}, {:telemetry, "~> 0.4 or ~> 1.0", [hex: :telemetry, repo: "hexpm", optional: false]}], "hexpm", "b94e83c47780fc6813f746a1f1a34ee65cda42da4c5ea26a68f0acc4498e23dc"},
  "fine": {:hex, :fine, "0.1.6", "4bf7151493443c454aac9f2fa2f34f5fefd0346a83fb5586a016c4a135c63247", [:mix], [], "hexpm", "5638eb4495488e885ebec167fa57973e5c35e1a50c344eb7666c90ec1c4e3b12"},
  "flow": {:hex, :flow, "1.2.4", "1dd58918287eb286656008777cb32714b5123d3855956f29aa141ebae456922d", [:mix], [{:gen_stage, "~> 1.0", [hex: :gen_stage, repo: "hexpm", optional: false]}], "hexpm", "874adde96368e71870f3510b91e35bc31652291858c86c0e75359cbdd35eb211"},
  "fss": {:hex, :fss, "0.1.1", "9db2344dbbb5d555ce442ac7c2f82dd975b605b50d169314a20f08ed21e08642", [:mix], [], "hexpm", "78ad5955c7919c3764065b21144913df7515d52e228c09427a004afe9c1a16b0"},
  "gen_stage": {:hex, :gen_stage, "1.3.2", "7c77e5d1e97de2c6c2f78f306f463bca64bf2f4c3cdd606affc0100b89743b7b", [:mix], [], "hexpm", "0ffae547fa777b3ed889a6b9e1e64566217413d018cabd825f786e843ffe63e7"},
  "hpax": {:hex, :hpax, "1.0.3", "ed67ef51ad4df91e75cc6a1494f851850c0bd98ebc0be6e81b026e765ee535aa", [:mix], [], "hexpm", "8eab6e1cfa8d5918c2ce4ba43588e894af35dbd8e91e6e55c817bca5847df34a"},
  "iso8601": {:hex, :iso8601, "1.3.4", "7b1f095f86f6cf65e1e5a77872e8e8bf69bd58d4c3a415b3f77d9cc9423ecbb9", [:rebar3], [], "hexpm", "a334469c07f1c219326bc891a95f5eec8eb12dd8071a3fff56a7843cb20fae34"},
  "jason": {:hex, :jason, "1.4.5", "2e3a008590b0b8d7388c20293e9dcc9cf3e5d642fd2a114e4cbbb52e595d940a", [:mix], [{:decimal, "~> 1.0 or ~> 2.0 or ~> 3.0", [hex: :decimal, repo: "hexpm", optional: true]}], "hexpm", "b0c823996102bcd0239b3c2444eb00409b72f6a140c1950bc8b457d836b30684"},
  "jose": {:hex, :jose, "1.11.12", "06e62b467b61d3726cbc19e9b5489f7549c37993de846dfb3ee8259f9ed208b3", [:mix, :rebar3], [], "hexpm", "31e92b653e9210b696765cdd885437457de1add2a9011d92f8cf63e4641bab7b"},
  "jsx": {:hex, :jsx, "3.1.0", "d12516baa0bb23a59bb35dccaf02a1bd08243fcbb9efe24f2d9d056ccff71268", [:rebar3], [], "hexpm", "0c5cc8fdc11b53cc25cf65ac6705ad39e54ecc56d1c22e4adb8f5a53fb9427f3"},
  "kubereq": {:hex, :kubereq, "0.4.2", "a42cb9ceb86605c2ac63fb7921d5481161c25e266f6c82bd9c0f759841db6dd0", [:mix], [{:mint, "~> 1.0", [hex: :mint, repo: "hexpm", optional: false]}, {:mint_web_socket, "~> 1.0", [hex: :mint_web_socket, repo: "hexpm", optional: false]}, {:pluggable, "~> 1.0", [hex: :pluggable, repo: "hexpm", optional: false]}, {:req, "~> 0.5.0", [hex: :req, repo: "hexpm", optional: false]}, {:yaml_elixir, "~> 2.0", [hex: :yaml_elixir, repo: "hexpm", optional: false]}], "hexpm", "c52a4a7c8911e10e739291457a2367f38397eada3e904ea6731fc0c34ee99d3e"},
  "logger_json": {:hex, :logger_json, "6.2.1", "a1db30e1164e6057f2328a1e4d6b632b9583c015574fdf6c38cf73721128edcb", [:mix], [{:decimal, ">= 0.0.0", [hex: :decimal, repo: "hexpm", optional: true]}, {:ecto, "~> 3.11", [hex: :ecto, repo: "hexpm", optional: true]}, {:jason, "~> 1.4", [hex: :jason, repo: "hexpm", optional: false]}, {:plug, "~> 1.15", [hex: :plug, repo: "hexpm", optional: true]}, {:telemetry, "~> 1.0", [hex: :telemetry, repo: "hexpm", optional: true]}], "hexpm", "34acd0bfd419d5fcf08c4108a8a4b59b695fcc60409dc1dd1a868b70c42e1d1f"},
  "makeup": {:hex, :makeup, "1.2.1", "e90ac1c65589ef354378def3ba19d401e739ee7ee06fb47f94c687016e3713d1", [:mix], [{:nimble_parsec, "~> 1.4", [hex: :nimble_parsec, repo: "hexpm", optional: false]}], "hexpm", "d36484867b0bae0fea568d10131197a4c2e47056a6fbe84922bf6ba71c8d17ce"},
  "makeup_elixir": {:hex, :makeup_elixir, "1.0.1", "e928a4f984e795e41e3abd27bfc09f51db16ab8ba1aebdba2b3a575437efafc2", [:mix], [{:makeup, "~> 1.0", [hex: :makeup, repo: "hexpm", optional: false]}, {:nimble_parsec, "~> 1.2.3 or ~> 1.3", [hex: :nimble_parsec, repo: "hexpm", optional: false]}], "hexpm", "7284900d412a3e5cfd97fdaed4f5ed389b8f2b4cb49efc0eb3bd10e2febf9507"},
  "makeup_erlang": {:hex, :makeup_erlang, "1.1.0", "835f7e60792e08824cda445639555d7bf1bbbddb1b60b306e33cb6f6db24dc74", [:mix], [{:makeup, "~> 1.0", [hex: :makeup, repo: "hexpm", optional: false]}], "hexpm", "1cd6780fb1dd1a03979abaed0fe82712b0625118fd5257d3ebbf73f960c73c3c"},
  "mime": {:hex, :mime, "2.0.7", "b8d739037be7cd402aee1ba0306edfdef982687ee7e9859bee6198c1e7e2f128", [:mix], [], "hexpm", "6171188e399ee16023ffc5b76ce445eb6d9672e2e241d2df6050f3c771e80ccd"},
  "mint": {:hex, :mint, "1.9.0", "d6f534c2a3e98b2a8cc749b4796eb77e9e3af79a76f96e4c74035a827de0d318", [:mix], [{:castore, "~> 0.1.0 or ~> 1.0", [hex: :castore, repo: "hexpm", optional: true]}, {:hpax, "~> 0.1.1 or ~> 0.2.0 or ~> 1.0", [hex: :hpax, repo: "hexpm", optional: false]}], "hexpm", "007154c7d8c43916aed3c93afd1f11aebbaa9c5ff4b7ba55ebe0d17ee0296042"},
  "mint_web_socket": {:hex, :mint_web_socket, "1.0.4", "0b539116dbb3d3f861cdf5e15e269a933cb501c113a14db7001a3157d96ffafd", [:mix], [{:mint, ">= 1.4.1 and < 2.0.0-0", [hex: :mint, repo: "hexpm", optional: false]}], "hexpm", "027d4c5529c45a4ba0ce27a01c0f35f284a5468519c045ca15f43decb360a991"},
  "mox": {:hex, :mox, "1.2.0", "a2cd96b4b80a3883e3100a221e8adc1b98e4c3a332a8fc434c39526babafd5b3", [:mix], [{:nimble_ownership, "~> 1.0", [hex: :nimble_ownership, repo: "hexpm", optional: false]}], "hexpm", "c7b92b3cc69ee24a7eeeaf944cd7be22013c52fcb580c1f33f50845ec821089a"},
  "nimble_options": {:hex, :nimble_options, "1.1.1", "e3a492d54d85fc3fd7c5baf411d9d2852922f66e69476317787a7b2bb000a61b", [:mix], [], "hexpm", "821b2470ca9442c4b6984882fe9bb0389371b8ddec4d45a9504f00a66f650b44"},
  "nimble_ownership": {:hex, :nimble_ownership, "1.0.2", "fa8a6f2d8c592ad4d79b2ca617473c6aefd5869abfa02563a77682038bf916cf", [:mix], [], "hexpm", "098af64e1f6f8609c6672127cfe9e9590a5d3fcdd82bc17a377b8692fd81a879"},
  "nimble_parsec": {:hex, :nimble_parsec, "1.4.2", "8efba0122db06df95bfaa78f791344a89352ba04baedd3849593bfce4d0dc1c6", [:mix], [], "hexpm", "4b21398942dda052b403bbe1da991ccd03a053668d147d53fb8c4e0efe09c973"},
  "nimble_pool": {:hex, :nimble_pool, "1.1.0", "bf9c29fbdcba3564a8b800d1eeb5a3c58f36e1e11d7b7fb2e084a643f645f06b", [:mix], [], "hexpm", "af2e4e6b34197db81f7aad230c1118eac993acc0dae6bc83bac0126d4ae0813a"},
  "nimble_zta": {:hex, :nimble_zta, "0.1.0", "7652c9de1d54fab20e13ed021a60198badb541cc34f77adf99a65691ccd269f0", [:mix], [{:jose, "~> 1.11", [hex: :jose, repo: "hexpm", optional: false]}, {:plug, "~> 1.18", [hex: :plug, repo: "hexpm", optional: false]}, {:req, "~> 0.5", [hex: :req, repo: "hexpm", optional: false]}], "hexpm", "63e985edd570e91df6dbe0dcf0112095a212771d18810b9186c9bb6bff5a54b0"},
  "nx": {:hex, :nx, "0.12.1", "6e9fee43a77646d04faad2ba4e449b9e270c6b23e413f203cb4d81e71c0a617f", [:mix], [{:complex, "~> 0.7", [hex: :complex, repo: "hexpm", optional: false]}, {:telemetry, "~> 0.4.0 or ~> 1.0", [hex: :telemetry, repo: "hexpm", optional: false]}], "hexpm", "ee80f6ae898f68bbfe7f30216b06aab10096231ec99ded1208a827256b23d0fb"},
  "phoenix": {:hex, :phoenix, "1.8.7", "d8d755b4ff4b449f610223dd706b4ae64155cb720d3dc09c706c079ecea189e4", [:mix], [{:bandit, "~> 1.0", [hex: :bandit, repo: "hexpm", optional: true]}, {:jason, "~> 1.0", [hex: :jason, repo: "hexpm", optional: true]}, {:phoenix_pubsub, "~> 2.1", [hex: :phoenix_pubsub, repo: "hexpm", optional: false]}, {:phoenix_template, "~> 1.0", [hex: :phoenix_template, repo: "hexpm", optional: false]}, {:phoenix_view, "~> 2.0", [hex: :phoenix_view, repo: "hexpm", optional: true]}, {:plug, "~> 1.14", [hex: :plug, repo: "hexpm", optional: false]}, {:plug_cowboy, "~> 2.7", [hex: :plug_cowboy, repo: "hexpm", optional: true]}, {:plug_crypto, "~> 1.2 or ~> 2.0", [hex: :plug_crypto, repo: "hexpm", optional: false]}, {:telemetry, "~> 0.4 or ~> 1.0", [hex: :telemetry, repo: "hexpm", optional: false]}, {:websock_adapter, "~> 0.5.3", [hex: :websock_adapter, repo: "hexpm", optional: false]}], "hexpm", "47352f72d6ab31009ef77516b1b3a14745be97b54061fd458031b9d8294869d5"},
  "phoenix_ecto": {:hex, :phoenix_ecto, "4.6.3", "f686701b0499a07f2e3b122d84d52ff8a31f5def386e03706c916f6feddf69ef", [:mix], [{:ecto, "~> 3.5", [hex: :ecto, repo: "hexpm", optional: false]}, {:phoenix_html, "~> 2.14.2 or ~> 3.0 or ~> 4.1", [hex: :phoenix_html, repo: "hexpm", optional: true]}, {:plug, "~> 1.9", [hex: :plug, repo: "hexpm", optional: false]}, {:postgrex, "~> 0.16 or ~> 1.0", [hex: :postgrex, repo: "hexpm", optional: true]}], "hexpm", "909502956916a657a197f94cc1206d9a65247538de8a5e186f7537c895d95764"},
  "phoenix_html": {:hex, :phoenix_html, "4.2.1", "35279e2a39140068fc03f8874408d58eef734e488fc142153f055c5454fd1c08", [:mix], [], "hexpm", "cff108100ae2715dd959ae8f2a8cef8e20b593f8dfd031c9cba92702cf23e053"},
  "phoenix_live_dashboard": {:hex, :phoenix_live_dashboard, "0.8.6", "7b1f0327f54c9eb69845fd09a77accf922f488c549a7e7b8618775eb603a62c7", [:mix], [{:ecto, "~> 3.6.2 or ~> 3.7", [hex: :ecto, repo: "hexpm", optional: true]}, {:ecto_mysql_extras, "~> 0.5", [hex: :ecto_mysql_extras, repo: "hexpm", optional: true]}, {:ecto_psql_extras, "~> 0.7", [hex: :ecto_psql_extras, repo: "hexpm", optional: true]}, {:ecto_sqlite3_extras, "~> 1.1.7 or ~> 1.2.0", [hex: :ecto_sqlite3_extras, repo: "hexpm", optional: true]}, {:mime, "~> 1.6 or ~> 2.0", [hex: :mime, repo: "hexpm", optional: false]}, {:phoenix_live_view, "~> 0.19 or ~> 1.0", [hex: :phoenix_live_view, repo: "hexpm", optional: false]}, {:telemetry_metrics, "~> 0.6 or ~> 1.0", [hex: :telemetry_metrics, repo: "hexpm", optional: false]}], "hexpm", "1681ab813ec26ca6915beb3414aa138f298e17721dc6a2bde9e6eb8a62360ff6"},
  "phoenix_live_view": {:hex, :phoenix_live_view, "1.1.24", "1a000a048d5971b61a9efe29a3c4144ca955afd42224998d841c5011a5354838", [:mix], [{:igniter, ">= 0.6.16 and < 1.0.0-0", [hex: :igniter, repo: "hexpm", optional: true]}, {:jason, "~> 1.0", [hex: :jason, repo: "hexpm", optional: true]}, {:lazy_html, "~> 0.1.0", [hex: :lazy_html, repo: "hexpm", optional: true]}, {:phoenix, "~> 1.6.15 or ~> 1.7.0 or ~> 1.8.0-rc", [hex: :phoenix, repo: "hexpm", optional: false]}, {:phoenix_html, "~> 3.3 or ~> 4.0", [hex: :phoenix_html, repo: "hexpm", optional: false]}, {:phoenix_template, "~> 1.0", [hex: :phoenix_template, repo: "hexpm", optional: false]}, {:phoenix_view, "~> 2.0", [hex: :phoenix_view, repo: "hexpm", optional: true]}, {:plug, "~> 1.15", [hex: :plug, repo: "hexpm", optional: false]}, {:telemetry, "~> 0.4.2 or ~> 1.0", [hex: :telemetry, repo: "hexpm", optional: false]}], "hexpm", "0c724e6c65f197841cac49d73be4e0f9b93a7711eaa52d2d4d1b9f859c329267"},
  "phoenix_pubsub": {:hex, :phoenix_pubsub, "2.2.0", "ff3a5616e1bed6804de7773b92cbccfc0b0f473faf1f63d7daf1206c7aeaaa6f", [:mix], [], "hexpm", "adc313a5bf7136039f63cfd9668fde73bba0765e0614cba80c06ac9460ff3e96"},
  "phoenix_template": {:hex, :phoenix_template, "1.0.4", "e2092c132f3b5e5b2d49c96695342eb36d0ed514c5b252a77048d5969330d639", [:mix], [{:phoenix_html, "~> 2.14.2 or ~> 3.0 or ~> 4.0", [hex: :phoenix_html, repo: "hexpm", optional: true]}], "hexpm", "2c0c81f0e5c6753faf5cca2f229c9709919aba34fab866d3bc05060c9c444206"},
  "plug": {:hex, :plug, "1.19.2", "e4950525b22c6789dfb38a3f95d47171ba159da3fc5a33be9643b43d5e8adb98", [:mix], [{:mime, "~> 1.0 or ~> 2.0", [hex: :mime, repo: "hexpm", optional: false]}, {:plug_crypto, "~> 1.1.1 or ~> 1.2 or ~> 2.0", [hex: :plug_crypto, repo: "hexpm", optional: false]}, {:telemetry, "~> 0.4.3 or ~> 1.0", [hex: :telemetry, repo: "hexpm", optional: false]}], "hexpm", "b6fce20a56af5e60fa5dfecf3f907bb98ec981be43c79a3809a499bc3d133de0"},
  "plug_crypto": {:hex, :plug_crypto, "2.1.0", "f44309c2b06d249c27c8d3f65cfe08158ade08418cf540fd4f72d4d6863abb7b", [:mix], [], "hexpm", "131216a4b030b8f8ce0f26038bc4421ae60e4bb95c5cf5395e1421437824c4fa"},
  "pluggable": {:hex, :pluggable, "1.1.0", "7eba3bc70c0caf4d9056c63c882df8862f7534f0145da7ab3a47ca73e4adb1e4", [:mix], [], "hexpm", "d12eb00ea47b21e92cd2700d6fbe3737f04b64e71b63aad1c0accde87c751637"},
  "protobuf": {:hex, :protobuf, "0.13.0", "7a9d9aeb039f68a81717eb2efd6928fdf44f03d2c0dfdcedc7b560f5f5aae93d", [:mix], [{:jason, "~> 1.2", [hex: :jason, repo: "hexpm", optional: true]}], "hexpm", "21092a223e3c6c144c1a291ab082a7ead32821ba77073b72c68515aa51fef570"},
  "req": {:hex, :req, "0.5.8", "50d8d65279d6e343a5e46980ac2a70e97136182950833a1968b371e753f6a662", [:mix], [{:brotli, "~> 0.3.1", [hex: :brotli, repo: "hexpm", optional: true]}, {:ezstd, "~> 1.0", [hex: :ezstd, repo: "hexpm", optional: true]}, {:finch, "~> 0.17", [hex: :finch, repo: "hexpm", optional: false]}, {:jason, "~> 1.0", [hex: :jason, repo: "hexpm", optional: false]}, {:mime, "~> 2.0.6 or ~> 2.1", [hex: :mime, repo: "hexpm", optional: false]}, {:nimble_csv, "~> 1.0", [hex: :nimble_csv, repo: "hexpm", optional: true]}, {:plug, "~> 1.0", [hex: :plug, repo: "hexpm", optional: true]}], "hexpm", "d7fc5898a566477e174f26887821a3c5082b243885520ee4b45555f5d53f40ef"},
  "rustler": {:hex, :rustler, "0.36.2", "6c2142f912166dfd364017ab2bf61242d4a5a3c88e7b872744642ae004b82501", [:mix], [{:jason, "~> 1.0", [hex: :jason, repo: "hexpm", optional: false]}, {:toml, "~> 0.7", [hex: :toml, repo: "hexpm", optional: false]}], "hexpm", "93832a6dbc1166739a19cd0c25e110e4cf891f16795deb9361dfcae95f6c88fe"},
  "rustler_precompiled": {:hex, :rustler_precompiled, "0.9.0", "3a052eda09f3d2436364645cc1f13279cf95db310eb0c17b0d8f25484b233aa0", [:mix], [{:rustler, "~> 0.23", [hex: :rustler, repo: "hexpm", optional: true]}], "hexpm", "471d97315bd3bf7b64623418b3693eedd8e47de3d1cb79a0ac8f9da7d770d94c"},
  "sobelow": {:hex, :sobelow, "0.14.1", "2f81e8632f15574cba2402bcddff5497b413c01e6f094bc0ab94e83c2f74db81", [:mix], [{:jason, "~> 1.0", [hex: :jason, repo: "hexpm", optional: false]}], "hexpm", "8fac9a2bd90fdc4b15d6fca6e1608efb7f7c600fa75800813b794ee9364c87f2"},
  "statistex": {:hex, :statistex, "1.1.1", "73612aa7f79e53c30569be065fd121e380f1cf57bc4c2da5b41be9246da18df9", [:mix], [], "hexpm", "310c4b49b34adf683de3103639006bed233ab54c08a4add65a531448e653857c"},
  "stream_data": {:hex, :stream_data, "1.3.0", "bde37905530aff386dea1ddd86ecbf00e6642dc074ceffc10b7d4e41dfd6aac9", [:mix], [], "hexpm", "3cc552e286e817dca43c98044c706eec9318083a1480c52ae2688b08e2936e3c"},
  "table": {:hex, :table, "0.1.2", "87ad1125f5b70c5dea0307aa633194083eb5182ec537efc94e96af08937e14a8", [:mix], [], "hexpm", "7e99bc7efef806315c7e65640724bf165c3061cdc5d854060f74468367065029"},
  "table_rex": {:hex, :table_rex, "4.1.0", "fbaa8b1ce154c9772012bf445bfb86b587430fb96f3b12022d3f35ee4a68c918", [:mix], [], "hexpm", "95932701df195d43bc2d1c6531178fc8338aa8f38c80f098504d529c43bc2601"},
  "telemetry": {:hex, :telemetry, "1.4.2", "a0cb522801dffb1c49fe6e30561badffc7b6d0e180db1300df759faa22062855", [:rebar3], [], "hexpm", "928f6495066506077862c0d1646609eed891a4326bee3126ba54b60af61febb1"},
  "telemetry_metrics": {:hex, :telemetry_metrics, "1.1.0", "5bd5f3b5637e0abea0426b947e3ce5dd304f8b3bc6617039e2b5a008adc02f8f", [:mix], [{:telemetry, "~> 0.4 or ~> 1.0", [hex: :telemetry, repo: "hexpm", optional: false]}], "hexpm", "e7b79e8ddfde70adb6db8a6623d1778ec66401f366e9a8f5dd0955c56bc8ce67"},
  "telemetry_poller": {:hex, :telemetry_poller, "1.1.0", "58fa7c216257291caaf8d05678c8d01bd45f4bdbc1286838a28c4bb62ef32999", [:rebar3], [{:telemetry, "~> 1.0", [hex: :telemetry, repo: "hexpm", optional: false]}], "hexpm", "9eb9d9cbfd81cbd7cdd24682f8711b6e2b691289a0de6826e58452f28c103c8f"},
  "thousand_island": {:hex, :thousand_island, "1.5.0", "f50a213cac97262b6d5ebb85745aa2c00fec1413191e6e66834788d45425cecb", [:mix], [{:telemetry, "~> 0.4 or ~> 1.0", [hex: :telemetry, repo: "hexpm", optional: false]}], "hexpm", "708923d40523e43cf99041ab37a0d4b0ec426ac6438fa3716ab23d919eaeb412"},
  "toml": {:hex, :toml, "0.7.0", "fbcd773caa937d0c7a02c301a1feea25612720ac3fa1ccb8bfd9d30d822911de", [:mix], [], "hexpm", "0690246a2478c1defd100b0c9b89b4ea280a22be9a7b313a8a058a2408a2fa70"},
  "websock": {:hex, :websock, "0.5.3", "2f69a6ebe810328555b6fe5c831a851f485e303a7c8ce6c5f675abeb20ebdadc", [:mix], [], "hexpm", "6105453d7fac22c712ad66fab1d45abdf049868f253cf719b625151460b8b453"},
  "websock_adapter": {:hex, :websock_adapter, "0.5.9", "43dc3ba6d89ef5dec5b1d0a39698436a1e856d000d84bf31a3149862b01a287f", [:mix], [{:bandit, ">= 0.6.0", [hex: :bandit, repo: "hexpm", optional: true]}, {:plug, "~> 1.14", [hex: :plug, repo: "hexpm", optional: false]}, {:plug_cowboy, "~> 2.6", [hex: :plug_cowboy, repo: "hexpm", optional: true]}, {:websock, "~> 0.5", [hex: :websock, repo: "hexpm", optional: false]}], "hexpm", "5534d5c9adad3c18a0f58a9371220d75a803bf0b9a3d87e6fe072faaeed76a08"},
  "yamerl": {:hex, :yamerl, "0.10.0", "4ff81fee2f1f6a46f1700c0d880b24d193ddb74bd14ef42cb0bcf46e81ef2f8e", [:rebar3], [], "hexpm", "346adb2963f1051dc837a2364e4acf6eb7d80097c0f53cbdc3046ec8ec4b4e6e"},
  "yaml_elixir": {:hex, :yaml_elixir, "2.11.0", "9e9ccd134e861c66b84825a3542a1c22ba33f338d82c07282f4f1f52d847bd50", [:mix], [{:yamerl, "~> 0.10", [hex: :yamerl, repo: "hexpm", optional: false]}], "hexpm", "53cc28357ee7eb952344995787f4bb8cc3cecbf189652236e9b163e8ce1bc242"},
}
